
Microsoft Visual Studio Solution File, Format Version 12.00
# Visual Studio Version 16
VisualStudioVersion = 16.0.31112.23
MinimumVisualStudioVersion = 10.0.40219.1
Project("{FAE04EC0-301F-11D3-BF4B-00C04F79EFBC}") = "HCI-T5.4", "HCI-T5.4\HCI-T5.4.csproj", "{C83C5A47-F062-462B-B47E-894B99FE0B47}"
EndProject
Global
	GlobalSection(SolutionConfigurationPlatforms) = preSolution
		Debug|Any CPU = Debug|Any CPU
		Release|Any CPU = Release|Any CPU
	EndGlobalSection
	GlobalSection(ProjectConfigurationPlatforms) = postSolution
		{C83C5A47-F062-462B-B47E-894B99FE0B47}.Debug|Any CPU.ActiveCfg = Debug|Any CPU
		{C83C5A47-F062-462B-B47E-894B99FE0B47}.Debug|Any CPU.Build.0 = Debug|Any CPU
		{C83C5A47-F062-462B-B47E-894B99FE0B47}.Release|Any CPU.ActiveCfg = Release|Any CPU
		{C83C5A47-F062-462B-B47E-894B99FE0B47}.Release|Any CPU.Build.0 = Release|Any CPU
	EndGlobalSection
	GlobalSection(SolutionProperties) = preSolution
		HideSolutionNode = FALSE
	EndGlobalSection
	GlobalSection(ExtensibilityGlobals) = postSolution
		SolutionGuid = {91AF2C7D-B3F7-422A-9AB9-61F9D1DDC726}
	EndGlobalSection
EndGlobal
